{
  "name": "@etcpack/vue-style-loader",
  "version": "0.1.0-alpha.0",
  "lockfileVersion": 2,
  "requires": true,
  "packages": {
    "": {
      "name": "@etcpack/vue-style-loader",
      "version": "0.1.0-alpha.0",
      "license": "MIT",
      "dependencies": {
        "@etcpack/style-loader": "^0.1.1"
      }
    },
    "node_modules/@etcpack/style-loader": {
      "version": "0.1.1",
      "resolved": "https://registry.npmjs.org/@etcpack/style-loader/-/style-loader-0.1.1.tgz",
      "integrity": "sha512-mjtM1tVlZq4fM9aQanHW9rgLPQHk3tnIhrGRdcuwi4yORJu7wZTMWR7U+5ehoydFZJWWtxcRgPlSor3s9tKofg=="
    }
  },
  "dependencies": {
    "@etcpack/style-loader": {
      "version": "0.1.1",
      "resolved": "https://registry.npmjs.org/@etcpack/style-loader/-/style-loader-0.1.1.tgz",
      "integrity": "sha512-mjtM1tVlZq4fM9aQanHW9rgLPQHk3tnIhrGRdcuwi4yORJu7wZTMWR7U+5ehoydFZJWWtxcRgPlSor3s9tKofg=="
    }
  }
}
